<?xml version="1.0" encoding="utf-8"?>
<Project ToolsVersion="4.0" xmlns="http://schemas.microsoft.com/developer/msbuild/2003">
  <ItemGroup>
    <Filter Include="Source Files">
      <UniqueIdentifier>{4FC737F1-C7A5-4376-A066-2A32D752A2FF}</UniqueIdentifier>
      <Extensions>cpp;c;cc;cxx;c++;cppm;ixx;def;odl;idl;hpj;bat;asm;asmx</Extensions>
    </Filter>
    <Filter Include="Header Files">
      <UniqueIdentifier>{93995380-89BD-4b04-88EB-625FBE52EBFB}</UniqueIdentifier>
      <Extensions>h;hh;hpp;hxx;h++;hm;inl;inc;ipp;xsd</Extensions>
    </Filter>
    <Filter Include="Resource Files">
      <UniqueIdentifier>{67DA6AB6-F800-4c08-8B7A-83BB121AAD01}</UniqueIdentifier>
      <Extensions>rc;ico;cur;bmp;dlg;rc2;rct;bin;rgs;gif;jpg;jpeg;jpe;resx;tiff;tif;png;wav;mfcribbon-ms</Extensions>
    </Filter>
    <Filter Include="Product">
      <UniqueIdentifier>{fedccd2a-1cb8-44bb-a369-b3ceafb9d57a}</UniqueIdentifier>
    </Filter>
    <Filter Include="Base">
      <UniqueIdentifier>{a7a4df63-baa8-49bc-aa69-9750c47cffcb}</UniqueIdentifier>
    </Filter>
    <Filter Include="Base\Global">
      <UniqueIdentifier>{063e087b-c7b7-4fa4-a992-3a83e64e466f}</UniqueIdentifier>
    </Filter>
    <Filter Include="Base\Property">
      <UniqueIdentifier>{efe9bb5d-3fe7-49e6-bded-7f89117e2e0f}</UniqueIdentifier>
    </Filter>
    <Filter Include="Controller">
      <UniqueIdentifier>{54d919f5-60a3-429e-a9ba-3e1636287cfa}</UniqueIdentifier>
    </Filter>
    <Filter Include="User">
      <UniqueIdentifier>{41eedacf-b07b-4880-9cfd-9ecceb2516e8}</UniqueIdentifier>
    </Filter>
    <Filter Include="Templates">
      <UniqueIdentifier>{997b24b4-9f88-4523-9847-da8d319da324}</UniqueIdentifier>
    </Filter>
    <Filter Include="Storage">
      <UniqueIdentifier>{2a6837fb-e4e3-45db-a23d-1ae7f25fd414}</UniqueIdentifier>
    </Filter>
  </ItemGroup>
  <ItemGroup>
    <ClCompile Include="main.cpp">
      <Filter>Source Files</Filter>
    </ClCompile>
    <ClCompile Include="product_type.cpp">
      <Filter>Product</Filter>
    </ClCompile>
    <ClCompile Include="product.cpp">
      <Filter>Product</Filter>
    </ClCompile>
    <ClCompile Include="product_part.cpp">
      <Filter>Product</Filter>
    </ClCompile>
    <ClCompile Include="glob_func.cpp">
      <Filter>Base\Global</Filter>
    </ClCompile>
    <ClCompile Include="Property.cpp">
      <Filter>Base\Property</Filter>
    </ClCompile>
    <ClCompile Include="property_type.cpp">
      <Filter>Base\Property</Filter>
    </ClCompile>
    <ClCompile Include="access.cpp">
      <Filter>Base</Filter>
    </ClCompile>
    <ClCompile Include="base_unit.cpp">
      <Filter>Base</Filter>
    </ClCompile>
    <ClCompile Include="merging.cpp">
      <Filter>Base</Filter>
    </ClCompile>
    <ClCompile Include="settings.cpp">
      <Filter>Base</Filter>
    </ClCompile>
    <ClCompile Include="testing.cpp">
      <Filter>Controller</Filter>
    </ClCompile>
    <ClCompile Include="user.cpp">
      <Filter>User</Filter>
    </ClCompile>
    <ClCompile Include="box_size.cpp">
      <Filter>Storage</Filter>
    </ClCompile>
    <ClCompile Include="cuboid_size.cpp">
      <Filter>Storage</Filter>
    </ClCompile>
    <ClCompile Include="storage.cpp">
      <Filter>Storage</Filter>
    </ClCompile>
    <ClCompile Include="storage_type.cpp">
      <Filter>Storage</Filter>
    </ClCompile>
  </ItemGroup>
  <ItemGroup>
    <ClInclude Include="product_type.h">
      <Filter>Product</Filter>
    </ClInclude>
    <ClInclude Include="product.h">
      <Filter>Product</Filter>
    </ClInclude>
    <ClInclude Include="product_part.h">
      <Filter>Product</Filter>
    </ClInclude>
    <ClInclude Include="dictionary.h">
      <Filter>Base\Global</Filter>
    </ClInclude>
    <ClInclude Include="glob_func.h">
      <Filter>Base\Global</Filter>
    </ClInclude>
    <ClInclude Include="global_variables.h">
      <Filter>Base\Global</Filter>
    </ClInclude>
    <ClInclude Include="global_includes.h">
      <Filter>Base\Global</Filter>
    </ClInclude>
    <ClInclude Include="Property.h">
      <Filter>Base\Property</Filter>
    </ClInclude>
    <ClInclude Include="property_type.h">
      <Filter>Base\Property</Filter>
    </ClInclude>
    <ClInclude Include="access.h">
      <Filter>Base</Filter>
    </ClInclude>
    <ClInclude Include="base_unit.h">
      <Filter>Base</Filter>
    </ClInclude>
    <ClInclude Include="merging.h">
      <Filter>Base</Filter>
    </ClInclude>
    <ClInclude Include="settings.h">
      <Filter>Base</Filter>
    </ClInclude>
    <ClInclude Include="state.h">
      <Filter>Base</Filter>
    </ClInclude>
    <ClInclude Include="testing.h">
      <Filter>Controller</Filter>
    </ClInclude>
    <ClInclude Include="user.h">
      <Filter>User</Filter>
    </ClInclude>
    <ClInclude Include="collect.h">
      <Filter>Templates</Filter>
    </ClInclude>
    <ClInclude Include="element.h">
      <Filter>Templates</Filter>
    </ClInclude>
    <ClInclude Include="filter.h">
      <Filter>Templates</Filter>
    </ClInclude>
    <ClInclude Include="box_size.h">
      <Filter>Storage</Filter>
    </ClInclude>
    <ClInclude Include="cuboid_size.h">
      <Filter>Storage</Filter>
    </ClInclude>
    <ClInclude Include="storage.h">
      <Filter>Storage</Filter>
    </ClInclude>
    <ClInclude Include="storage_type.h">
      <Filter>Storage</Filter>
    </ClInclude>
  </ItemGroup>
</Project>